// !$*UTF8*$!
{
	archiveVersion = 1;
	classes = {
	};
	objectVersion = 55;
	objects = {

/* Begin PBXBuildFile section */
		7331294B2953D5D200D792D1 /* LocationSearchActivationView.swift in Sources */ = {isa = PBXBuildFile; fileRef = 7331294A2953D5D200D792D1 /* LocationSearchActivationView.swift */; };
		7331294D2953E50C00D792D1 /* HomeView.swift in Sources */ = {isa = PBXBuildFile; fileRef = 7331294C2953E50C00D792D1 /* HomeView.swift */; };
		7331294F2953E5CF00D792D1 /* MapViewActionButton.swift in Sources */ = {isa = PBXBuildFile; fileRef = 7331294E2953E5CF00D792D1 /* MapViewActionButton.swift */; };
		733129512953F4A200D792D1 /* LocationSearchView.swift in Sources */ = {isa = PBXBuildFile; fileRef = 733129502953F4A200D792D1 /* LocationSearchView.swift */; };
		733129532953FCCB00D792D1 /* LocationSearchResultCell.swift in Sources */ = {isa = PBXBuildFile; fileRef = 733129522953FCCB00D792D1 /* LocationSearchResultCell.swift */; };
		7331295529549AED00D792D1 /* LocationSearchViewModel.swift in Sources */ = {isa = PBXBuildFile; fileRef = 7331295429549AED00D792D1 /* LocationSearchViewModel.swift */; };
		73312957295756DB00D792D1 /* MapViewState.swift in Sources */ = {isa = PBXBuildFile; fileRef = 73312956295756DB00D792D1 /* MapViewState.swift */; };
		7331295A29579BDD00D792D1 /* RideRequestView.swift in Sources */ = {isa = PBXBuildFile; fileRef = 7331295929579BDC00D792D1 /* RideRequestView.swift */; };
		7331295C2958CFA700D792D1 /* RideType.swift in Sources */ = {isa = PBXBuildFile; fileRef = 7331295B2958CFA700D792D1 /* RideType.swift */; };
		7337ADC1294FB9DC00147809 /* Uber_CloneApp.swift in Sources */ = {isa = PBXBuildFile; fileRef = 7337ADC0294FB9DC00147809 /* Uber_CloneApp.swift */; };
		7337ADC5294FB9E200147809 /* Assets.xcassets in Resources */ = {isa = PBXBuildFile; fileRef = 7337ADC4294FB9E200147809 /* Assets.xcassets */; };
		7337ADC8294FB9E200147809 /* Preview Assets.xcassets in Resources */ = {isa = PBXBuildFile; fileRef = 7337ADC7294FB9E200147809 /* Preview Assets.xcassets */; };
		7337ADD8294FBD9700147809 /* UberMapViewRepresentable.swift in Sources */ = {isa = PBXBuildFile; fileRef = 7337ADD7294FBD9700147809 /* UberMapViewRepresentable.swift */; };
		7337ADDA294FD25800147809 /* LocationManager.swift in Sources */ = {isa = PBXBuildFile; fileRef = 7337ADD9294FD25800147809 /* LocationManager.swift */; };
/* End PBXBuildFile section */

/* Begin PBXFileReference section */
		7331294A2953D5D200D792D1 /* LocationSearchActivationView.swift */ = {isa = PBXFileReference; lastKnownFileType = sourcecode.swift; path = LocationSearchActivationView.swift; sourceTree = "<group>"; };
		7331294C2953E50C00D792D1 /* HomeView.swift */ = {isa = PBXFileReference; lastKnownFileType = sourcecode.swift; path = HomeView.swift; sourceTree = "<group>"; };
		7331294E2953E5CF00D792D1 /* MapViewActionButton.swift */ = {isa = PBXFileReference; lastKnownFileType = sourcecode.swift; path = MapViewActionButton.swift; sourceTree = "<group>"; };
		733129502953F4A200D792D1 /* LocationSearchView.swift */ = {isa = PBXFileReference; lastKnownFileType = sourcecode.swift; path = LocationSearchView.swift; sourceTree = "<group>"; };
		733129522953FCCB00D792D1 /* LocationSearchResultCell.swift */ = {isa = PBXFileReference; lastKnownFileType = sourcecode.swift; path = LocationSearchResultCell.swift; sourceTree = "<group>"; };
		7331295429549AED00D792D1 /* LocationSearchViewModel.swift */ = {isa = PBXFileReference; lastKnownFileType = sourcecode.swift; path = LocationSearchViewModel.swift; sourceTree = "<group>"; };
		73312956295756DB00D792D1 /* MapViewState.swift */ = {isa = PBXFileReference; lastKnownFileType = sourcecode.swift; path = MapViewState.swift; sourceTree = "<group>"; };
		7331295929579BDC00D792D1 /* RideRequestView.swift */ = {isa = PBXFileReference; lastKnownFileType = sourcecode.swift; path = RideRequestView.swift; sourceTree = "<group>"; };
		7331295B2958CFA700D792D1 /* RideType.swift */ = {isa = PBXFileReference; lastKnownFileType = sourcecode.swift; path = RideType.swift; sourceTree = "<group>"; };
		7337ADBD294FB9DC00147809 /* Uber Clone.app */ = {isa = PBXFileReference; explicitFileType = wrapper.application; includeInIndex = 0; path = "Uber Clone.app"; sourceTree = BUILT_PRODUCTS_DIR; };
		7337ADC0294FB9DC00147809 /* Uber_CloneApp.swift */ = {isa = PBXFileReference; lastKnownFileType = sourcecode.swift; path = Uber_CloneApp.swift; sourceTree = "<group>"; };
		7337ADC4294FB9E200147809 /* Assets.xcassets */ = {isa = PBXFileReference; lastKnownFileType = folder.assetcatalog; path = Assets.xcassets; sourceTree = "<group>"; };
		7337ADC7294FB9E200147809 /* Preview Assets.xcassets */ = {isa = PBXFileReference; lastKnownFileType = folder.assetcatalog; path = "Preview Assets.xcassets"; sourceTree = "<group>"; };
		7337ADD7294FBD9700147809 /* UberMapViewRepresentable.swift */ = {isa = PBXFileReference; lastKnownFileType = sourcecode.swift; path = UberMapViewRepresentable.swift; sourceTree = "<group>"; };
		7337ADD9294FD25800147809 /* LocationManager.swift */ = {isa = PBXFileReference; lastKnownFileType = sourcecode.swift; path = LocationManager.swift; sourceTree = "<group>"; };
/* End PBXFileReference section */

/* Begin PBXFrameworksBuildPhase section */
		7337ADBA294FB9DC00147809 /* Frameworks */ = {
			isa = PBXFrameworksBuildPhase;
			buildActionMask = 2147483647;
			files = (
			);
			runOnlyForDeploymentPostprocessing = 0;
		};
/* End PBXFrameworksBuildPhase section */

/* Begin PBXGroup section */
		733129462953D53C00D792D1 /* Home */ = {
			isa = PBXGroup;
			children = (
				7337ADD4294FBD0100147809 /* Views */,
				7337ADD3294FBCE900147809 /* ViewModel */,
			);
			path = Home;
			sourceTree = "<group>";
		};
		733129472953D55A00D792D1 /* LocationSearch */ = {
			isa = PBXGroup;
			children = (
				733129492953D57900D792D1 /* ViewModel */,
				733129482953D57200D792D1 /* Views */,
			);
			path = LocationSearch;
			sourceTree = "<group>";
		};
		733129482953D57200D792D1 /* Views */ = {
			isa = PBXGroup;
			children = (
				7331294A2953D5D200D792D1 /* LocationSearchActivationView.swift */,
				733129502953F4A200D792D1 /* LocationSearchView.swift */,
				733129522953FCCB00D792D1 /* LocationSearchResultCell.swift */,
			);
			path = Views;
			sourceTree = "<group>";
		};
		733129492953D57900D792D1 /* ViewModel */ = {
			isa = PBXGroup;
			children = (
				7331295429549AED00D792D1 /* LocationSearchViewModel.swift */,
			);
			path = ViewModel;
			sourceTree = "<group>";
		};
		7331295829579BAD00D792D1 /* Trips */ = {
			isa = PBXGroup;
			children = (
				7331295929579BDC00D792D1 /* RideRequestView.swift */,
			);
			path = Trips;
			sourceTree = "<group>";
		};
		7337ADB4294FB9DC00147809 = {
			isa = PBXGroup;
			children = (
				7337ADBF294FB9DC00147809 /* Uber Clone */,
				7337ADBE294FB9DC00147809 /* Products */,
			);
			sourceTree = "<group>";
		};
		7337ADBE294FB9DC00147809 /* Products */ = {
			isa = PBXGroup;
			children = (
				7337ADBD294FB9DC00147809 /* Uber Clone.app */,
			);
			name = Products;
			sourceTree = "<group>";
		};
		7337ADBF294FB9DC00147809 /* Uber Clone */ = {
			isa = PBXGroup;
			children = (
				7337ADD2294FBBC400147809 /* App */,
				7337ADD1294FBBC000147809 /* Core */,
				7337ADD0294FBBBE00147809 /* Extensions */,
				7337ADCF294FBBBB00147809 /* Managers */,
				7337ADCE294FBBB800147809 /* Models */,
				7337ADC4294FB9E200147809 /* Assets.xcassets */,
				7337ADC6294FB9E200147809 /* Preview Content */,
			);
			path = "Uber Clone";
			sourceTree = "<group>";
		};
		7337ADC6294FB9E200147809 /* Preview Content */ = {
			isa = PBXGroup;
			children = (
				7337ADC7294FB9E200147809 /* Preview Assets.xcassets */,
			);
			path = "Preview Content";
			sourceTree = "<group>";
		};
		7337ADCE294FBBB800147809 /* Models */ = {
			isa = PBXGroup;
			children = (
				73312956295756DB00D792D1 /* MapViewState.swift */,
				7331295B2958CFA700D792D1 /* RideType.swift */,
			);
			path = Models;
			sourceTree = "<group>";
		};
		7337ADCF294FBBBB00147809 /* Managers */ = {
			isa = PBXGroup;
			children = (
				7337ADD9294FD25800147809 /* LocationManager.swift */,
			);
			path = Managers;
			sourceTree = "<group>";
		};
		7337ADD0294FBBBE00147809 /* Extensions */ = {
			isa = PBXGroup;
			children = (
			);
			path = Extensions;
			sourceTree = "<group>";
		};
		7337ADD1294FBBC000147809 /* Core */ = {
			isa = PBXGroup;
			children = (
				7331295829579BAD00D792D1 /* Trips */,
				733129472953D55A00D792D1 /* LocationSearch */,
				733129462953D53C00D792D1 /* Home */,
			);
			path = Core;
			sourceTree = "<group>";
		};
		7337ADD2294FBBC400147809 /* App */ = {
			isa = PBXGroup;
			children = (
				7337ADC0294FB9DC00147809 /* Uber_CloneApp.swift */,
			);
			path = App;
			sourceTree = "<group>";
		};
		7337ADD3294FBCE900147809 /* ViewModel */ = {
			isa = PBXGroup;
			children = (
			);
			path = ViewModel;
			sourceTree = "<group>";
		};
		7337ADD4294FBD0100147809 /* Views */ = {
			isa = PBXGroup;
			children = (
				7337ADD7294FBD9700147809 /* UberMapViewRepresentable.swift */,
				7331294C2953E50C00D792D1 /* HomeView.swift */,
				7331294E2953E5CF00D792D1 /* MapViewActionButton.swift */,
			);
			path = Views;
			sourceTree = "<group>";
		};
/* End PBXGroup section */

/* Begin PBXNativeTarget section */
		7337ADBC294FB9DC00147809 /* Uber Clone */ = {
			isa = PBXNativeTarget;
			buildConfigurationList = 7337ADCB294FB9E200147809 /* Build configuration list for PBXNativeTarget "Uber Clone" */;
			buildPhases = (
				7337ADB9294FB9DC00147809 /* Sources */,
				7337ADBA294FB9DC00147809 /* Frameworks */,
				7337ADBB294FB9DC00147809 /* Resources */,
			);
			buildRules = (
			);
			dependencies = (
			);
			name = "Uber Clone";
			productName = "Uber Clone";
			productReference = 7337ADBD294FB9DC00147809 /* Uber Clone.app */;
			productType = "com.apple.product-type.application";
		};
/* End PBXNativeTarget section */

/* Begin PBXProject section */
		7337ADB5294FB9DC00147809 /* Project object */ = {
			isa = PBXProject;
			attributes = {
				BuildIndependentTargetsInParallel = 1;
				LastSwiftUpdateCheck = 1320;
				LastUpgradeCheck = 1320;
				TargetAttributes = {
					7337ADBC294FB9DC00147809 = {
						CreatedOnToolsVersion = 13.2.1;
					};
				};
			};
			buildConfigurationList = 7337ADB8294FB9DC00147809 /* Build configuration list for PBXProject "Uber Clone" */;
			compatibilityVersion = "Xcode 13.0";
			developmentRegion = en;
			hasScannedForEncodings = 0;
			knownRegions = (
				en,
				Base,
			);
			mainGroup = 7337ADB4294FB9DC00147809;
			productRefGroup = 7337ADBE294FB9DC00147809 /* Products */;
			projectDirPath = "";
			projectRoot = "";
			targets = (
				7337ADBC294FB9DC00147809 /* Uber Clone */,
			);
		};
/* End PBXProject section */

/* Begin PBXResourcesBuildPhase section */
		7337ADBB294FB9DC00147809 /* Resources */ = {
			isa = PBXResourcesBuildPhase;
			buildActionMask = 2147483647;
			files = (
				7337ADC8294FB9E200147809 /* Preview Assets.xcassets in Resources */,
				7337ADC5294FB9E200147809 /* Assets.xcassets in Resources */,
			);
			runOnlyForDeploymentPostprocessing = 0;
		};
/* End PBXResourcesBuildPhase section */

/* Begin PBXSourcesBuildPhase section */
		7337ADB9294FB9DC00147809 /* Sources */ = {
			isa = PBXSourcesBuildPhase;
			buildActionMask = 2147483647;
			files = (
				7331295529549AED00D792D1 /* LocationSearchViewModel.swift in Sources */,
				733129512953F4A200D792D1 /* LocationSearchView.swift in Sources */,
				7337ADDA294FD25800147809 /* LocationManager.swift in Sources */,
				7331295A29579BDD00D792D1 /* RideRequestView.swift in Sources */,
				73312957295756DB00D792D1 /* MapViewState.swift in Sources */,
				7331294F2953E5CF00D792D1 /* MapViewActionButton.swift in Sources */,
				7337ADC1294FB9DC00147809 /* Uber_CloneApp.swift in Sources */,
				7337ADD8294FBD9700147809 /* UberMapViewRepresentable.swift in Sources */,
				7331294D2953E50C00D792D1 /* HomeView.swift in Sources */,
				7331294B2953D5D200D792D1 /* LocationSearchActivationView.swift in Sources */,
				733129532953FCCB00D792D1 /* LocationSearchResultCell.swift in Sources */,
				7331295C2958CFA700D792D1 /* RideType.swift in Sources */,
			);
			runOnlyForDeploymentPostprocessing = 0;
		};
/* End PBXSourcesBuildPhase section */

/* Begin XCBuildConfiguration section */
		7337ADC9294FB9E200147809 /* Debug */ = {
			isa = XCBuildConfiguration;
			buildSettings = {
				ALWAYS_SEARCH_USER_PATHS = NO;
				CLANG_ANALYZER_NONNULL = YES;
				CLANG_ANALYZER_NUMBER_OBJECT_CONVERSION = YES_AGGRESSIVE;
				CLANG_CXX_LANGUAGE_STANDARD = "gnu++17";
				CLANG_CXX_LIBRARY = "libc++";
				CLANG_ENABLE_MODULES = YES;
				CLANG_ENABLE_OBJC_ARC = YES;
				CLANG_ENABLE_OBJC_WEAK = YES;
				CLANG_WARN_BLOCK_CAPTURE_AUTORELEASING = YES;
				CLANG_WARN_BOOL_CONVERSION = YES;
				CLANG_WARN_COMMA = YES;
				CLANG_WARN_CONSTANT_CONVERSION = YES;
				CLANG_WARN_DEPRECATED_OBJC_IMPLEMENTATIONS = YES;
				CLANG_WARN_DIRECT_OBJC_ISA_USAGE = YES_ERROR;
				CLANG_WARN_DOCUMENTATION_COMMENTS = YES;
				CLANG_WARN_EMPTY_BODY = YES;
				CLANG_WARN_ENUM_CONVERSION = YES;
				CLANG_WARN_INFINITE_RECURSION = YES;
				CLANG_WARN_INT_CONVERSION = YES;
				CLANG_WARN_NON_LITERAL_NULL_CONVERSION = YES;
				CLANG_WARN_OBJC_IMPLICIT_RETAIN_SELF = YES;
				CLANG_WARN_OBJC_LITERAL_CONVERSION = YES;
				CLANG_WARN_OBJC_ROOT_CLASS = YES_ERROR;
				CLANG_WARN_QUOTED_INCLUDE_IN_FRAMEWORK_HEADER = YES;
				CLANG_WARN_RANGE_LOOP_ANALYSIS = YES;
				CLANG_WARN_STRICT_PROTOTYPES = YES;
				CLANG_WARN_SUSPICIOUS_MOVE = YES;
				CLANG_WARN_UNGUARDED_AVAILABILITY = YES_AGGRESSIVE;
				CLANG_WARN_UNREACHABLE_CODE = YES;
				CLANG_WARN__DUPLICATE_METHOD_MATCH = YES;
				COPY_PHASE_STRIP = NO;
				DEBUG_INFORMATION_FORMAT = dwarf;
				ENABLE_STRICT_OBJC_MSGSEND = YES;
				ENABLE_TESTABILITY = YES;
				GCC_C_LANGUAGE_STANDARD = gnu11;
				GCC_DYNAMIC_NO_PIC = NO;
				GCC_NO_COMMON_BLOCKS = YES;
				GCC_OPTIMIZATION_LEVEL = 0;
				GCC_PREPROCESSOR_DEFINITIONS = (
					"DEBUG=1",
					"$(inherited)",
				);
				GCC_WARN_64_TO_32_BIT_CONVERSION = YES;
				GCC_WARN_ABOUT_RETURN_TYPE = YES_ERROR;
				GCC_WARN_UNDECLARED_SELECTOR = YES;
				GCC_WARN_UNINITIALIZED_AUTOS = YES_AGGRESSIVE;
				GCC_WARN_UNUSED_FUNCTION = YES;
				GCC_WARN_UNUSED_VARIABLE = YES;
				IPHONEOS_DEPLOYMENT_TARGET = 15.2;
				MTL_ENABLE_DEBUG_INFO = INCLUDE_SOURCE;
				MTL_FAST_MATH = YES;
				ONLY_ACTIVE_ARCH = YES;
				SDKROOT = iphoneos;
				SWIFT_ACTIVE_COMPILATION_CONDITIONS = DEBUG;
				SWIFT_OPTIMIZATION_LEVEL = "-Onone";
			};
			name = Debug;
		};
		7337ADCA294FB9E200147809 /* Release */ = {
			isa = XCBuildConfiguration;
			buildSettings = {
				ALWAYS_SEARCH_USER_PATHS = NO;
				CLANG_ANALYZER_NONNULL = YES;
				CLANG_ANALYZER_NUMBER_OBJECT_CONVERSION = YES_AGGRESSIVE;
				CLANG_CXX_LANGUAGE_STANDARD = "gnu++17";
				CLANG_CXX_LIBRARY = "libc++";
				CLANG_ENABLE_MODULES = YES;
				CLANG_ENABLE_OBJC_ARC = YES;
				CLANG_ENABLE_OBJC_WEAK = YES;
				CLANG_WARN_BLOCK_CAPTURE_AUTORELEASING = YES;
				CLANG_WARN_BOOL_CONVERSION = YES;
				CLANG_WARN_COMMA = YES;
				CLANG_WARN_CONSTANT_CONVERSION = YES;
				CLANG_WARN_DEPRECATED_OBJC_IMPLEMENTATIONS = YES;
				CLANG_WARN_DIRECT_OBJC_ISA_USAGE = YES_ERROR;
				CLANG_WARN_DOCUMENTATION_COMMENTS = YES;
				CLANG_WARN_EMPTY_BODY = YES;
				CLANG_WARN_ENUM_CONVERSION = YES;
				CLANG_WARN_INFINITE_RECURSION = YES;
				CLANG_WARN_INT_CONVERSION = YES;
				CLANG_WARN_NON_LITERAL_NULL_CONVERSION = YES;
				CLANG_WARN_OBJC_IMPLICIT_RETAIN_SELF = YES;
				CLANG_WARN_OBJC_LITERAL_CONVERSION = YES;
				CLANG_WARN_OBJC_ROOT_CLASS = YES_ERROR;
				CLANG_WARN_QUOTED_INCLUDE_IN_FRAMEWORK_HEADER = YES;
				CLANG_WARN_RANGE_LOOP_ANALYSIS = YES;
				CLANG_WARN_STRICT_PROTOTYPES = YES;
				CLANG_WARN_SUSPICIOUS_MOVE = YES;
				CLANG_WARN_UNGUARDED_AVAILABILITY = YES_AGGRESSIVE;
				CLANG_WARN_UNREACHABLE_CODE = YES;
				CLANG_WARN__DUPLICATE_METHOD_MATCH = YES;
				COPY_PHASE_STRIP = NO;
				DEBUG_INFORMATION_FORMAT = "dwarf-with-dsym";
				ENABLE_NS_ASSERTIONS = NO;
				ENABLE_STRICT_OBJC_MSGSEND = YES;
				GCC_C_LANGUAGE_STANDARD = gnu11;
				GCC_NO_COMMON_BLOCKS = YES;
				GCC_WARN_64_TO_32_BIT_CONVERSION = YES;
				GCC_WARN_ABOUT_RETURN_TYPE = YES_ERROR;
				GCC_WARN_UNDECLARED_SELECTOR = YES;
				GCC_WARN_UNINITIALIZED_AUTOS = YES_AGGRESSIVE;
				GCC_WARN_UNUSED_FUNCTION = YES;
				GCC_WARN_UNUSED_VARIABLE = YES;
				IPHONEOS_DEPLOYMENT_TARGET = 15.2;
				MTL_ENABLE_DEBUG_INFO = NO;
				MTL_FAST_MATH = YES;
				SDKROOT = iphoneos;
				SWIFT_COMPILATION_MODE = wholemodule;
				SWIFT_OPTIMIZATION_LEVEL = "-O";
				VALIDATE_PRODUCT = YES;
			};
			name = Release;
		};
		7337ADCC294FB9E200147809 /* Debug */ = {
			isa = XCBuildConfiguration;
			buildSettings = {
				ASSETCATALOG_COMPILER_APPICON_NAME = AppIcon;
				ASSETCATALOG_COMPILER_GLOBAL_ACCENT_COLOR_NAME = AccentColor;
				CODE_SIGN_STYLE = Automatic;
				CURRENT_PROJECT_VERSION = 1;
				DEVELOPMENT_ASSET_PATHS = "\"Uber Clone/Preview Content\"";
				DEVELOPMENT_TEAM = J23KSV5MMS;
				ENABLE_PREVIEWS = YES;
				GENERATE_INFOPLIST_FILE = YES;
				INFOPLIST_KEY_NSLocationWhenInUseUsageDescription = "Please allow us to access your location to find you nearby drivers and rides.";
				INFOPLIST_KEY_UIApplicationSceneManifest_Generation = YES;
				INFOPLIST_KEY_UIApplicationSupportsIndirectInputEvents = YES;
				INFOPLIST_KEY_UILaunchScreen_Generation = YES;
				INFOPLIST_KEY_UISupportedInterfaceOrientations_iPad = "UIInterfaceOrientationPortrait UIInterfaceOrientationPortraitUpsideDown UIInterfaceOrientationLandscapeLeft UIInterfaceOrientationLandscapeRight";
				INFOPLIST_KEY_UISupportedInterfaceOrientations_iPhone = "UIInterfaceOrientationPortrait UIInterfaceOrientationLandscapeLeft UIInterfaceOrientationLandscapeRight";
				LD_RUNPATH_SEARCH_PATHS = (
					"$(inherited)",
					"@executable_path/Frameworks",
				);
				MARKETING_VERSION = 1.0;
				PRODUCT_BUNDLE_IDENTIFIER = "me.michaelparekh.Uber-Clone";
				PRODUCT_NAME = "$(TARGET_NAME)";
				SWIFT_EMIT_LOC_STRINGS = YES;
				SWIFT_VERSION = 5.0;
				TARGETED_DEVICE_FAMILY = "1,2";
			};
			name = Debug;
		};
		7337ADCD294FB9E200147809 /* Release */ = {
			isa = XCBuildConfiguration;
			buildSettings = {
				ASSETCATALOG_COMPILER_APPICON_NAME = AppIcon;
				ASSETCATALOG_COMPILER_GLOBAL_ACCENT_COLOR_NAME = AccentColor;
				CODE_SIGN_STYLE = Automatic;
				CURRENT_PROJECT_VERSION = 1;
				DEVELOPMENT_ASSET_PATHS = "\"Uber Clone/Preview Content\"";
				DEVELOPMENT_TEAM = J23KSV5MMS;
				ENABLE_PREVIEWS = YES;
				GENERATE_INFOPLIST_FILE = YES;
				INFOPLIST_KEY_NSLocationWhenInUseUsageDescription = "Please allow us to access your location to find you nearby drivers and rides.";
				INFOPLIST_KEY_UIApplicationSceneManifest_Generation = YES;
				INFOPLIST_KEY_UIApplicationSupportsIndirectInputEvents = YES;
				INFOPLIST_KEY_UILaunchScreen_Generation = YES;
				INFOPLIST_KEY_UISupportedInterfaceOrientations_iPad = "UIInterfaceOrientationPortrait UIInterfaceOrientationPortraitUpsideDown UIInterfaceOrientationLandscapeLeft UIInterfaceOrientationLandscapeRight";
				INFOPLIST_KEY_UISupportedInterfaceOrientations_iPhone = "UIInterfaceOrientationPortrait UIInterfaceOrientationLandscapeLeft UIInterfaceOrientationLandscapeRight";
				LD_RUNPATH_SEARCH_PATHS = (
					"$(inherited)",
					"@executable_path/Frameworks",
				);
				MARKETING_VERSION = 1.0;
				PRODUCT_BUNDLE_IDENTIFIER = "me.michaelparekh.Uber-Clone";
				PRODUCT_NAME = "$(TARGET_NAME)";
				SWIFT_EMIT_LOC_STRINGS = YES;
				SWIFT_VERSION = 5.0;
				TARGETED_DEVICE_FAMILY = "1,2";
			};
			name = Release;
		};
/* End XCBuildConfiguration section */

/* Begin XCConfigurationList section */
		7337ADB8294FB9DC00147809 /* Build configuration list for PBXProject "Uber Clone" */ = {
			isa = XCConfigurationList;
			buildConfigurations = (
				7337ADC9294FB9E200147809 /* Debug */,
				7337ADCA294FB9E200147809 /* Release */,
			);
			defaultConfigurationIsVisible = 0;
			defaultConfigurationName = Release;
		};
		7337ADCB294FB9E200147809 /* Build configuration list for PBXNativeTarget "Uber Clone" */ = {
			isa = XCConfigurationList;
			buildConfigurations = (
				7337ADCC294FB9E200147809 /* Debug */,
				7337ADCD294FB9E200147809 /* Release */,
			);
			defaultConfigurationIsVisible = 0;
			defaultConfigurationName = Release;
		};
/* End XCConfigurationList section */
	};
	rootObject = 7337ADB5294FB9DC00147809 /* Project object */;
}
